{
  "name": "fstr",
  "version": "1.0.0",
  "lockfileVersion": 3,
  "requires": true,
  "packages": {
    "": {
      "name": "fstr",
      "version": "1.0.0",
      "license": "ISC",
      "devDependencies": {
        "@acrontum/filesystem-template": "^0.1.1",
        "@tsconfig/node18": "^1.0.1",
        "@types/node": "^18.15.10"
      }
    },
    "node_modules/@acrontum/filesystem-template": {
      "version": "0.1.1",
      "resolved": "https://registry.npmjs.org/@acrontum/filesystem-template/-/filesystem-template-0.1.1.tgz",
      "integrity": "sha512-4T2rRfwRxIdR8iV8E+HHsPo1Z505YhIamdjDofb7HOPZV1ZqKDMyM0ob9Gtd8u0dPl7tc/8hONM3djHqiGPzqg==",
      "dev": true,
      "dependencies": {
        "fdir": "5.1.0"
      },
      "bin": {
        "fst": "dist/src/cli.js"
      }
    },
    "node_modules/@tsconfig/node18": {
      "version": "1.0.1",
      "resolved": "https://registry.npmjs.org/@tsconfig/node18/-/node18-1.0.1.tgz",
      "integrity": "sha512-sNFeK6X2ATlhlvzyH4kKYQlfHXE2f2/wxtB9ClvYXevWpmwkUT7VaSrjIN9E76Qebz8qP5JOJJ9jD3QoD/Z9TA==",
      "dev": true
    },
    "node_modules/@types/node": {
      "version": "18.15.10",
      "resolved": "https://registry.npmjs.org/@types/node/-/node-18.15.10.tgz",
      "integrity": "sha512-9avDaQJczATcXgfmMAW3MIWArOO7A+m90vuCFLr8AotWf8igO/mRoYukrk2cqZVtv38tHs33retzHEilM7FpeQ==",
      "dev": true
    },
    "node_modules/fdir": {
      "version": "5.1.0",
      "resolved": "https://registry.npmjs.org/fdir/-/fdir-5.1.0.tgz",
      "integrity": "sha512-IgTtZwL52tx2wqWeuGDzXYTnNsEjNLahZpJw30hCQDyVnoHXwY5acNDnjGImTTL1R0z1PCyLw20VAbE5qLic3Q==",
      "dev": true
    }
  }
}
